
Microsoft Visual Studio Solution File, Format Version 12.00
# Visual Studio Version 16
VisualStudioVersion = 16.0.33529.622
MinimumVisualStudioVersion = 10.0.40219.1
Project("{9A19103F-16F7-4668-BE54-9A1E7A4F7556}") = "GuzzLaunhcer", "GuzzLaunhcer\GuzzLaunhcer.csproj", "{3684A41D-F81F-4227-B00C-763FD2962545}"
EndProject
Project("{2150E333-8FDC-42A3-9474-1A3956D46DE8}") = "Solution Items", "Solution Items", "{B0681CD6-C171-4BA9-8523-F18BD97FA429}"
EndProject
Global
	GlobalSection(SolutionConfigurationPlatforms) = preSolution
		Debug|Any CPU = Debug|Any CPU
		Release|Any CPU = Release|Any CPU
	EndGlobalSection
	GlobalSection(ProjectConfigurationPlatforms) = postSolution
		{3684A41D-F81F-4227-B00C-763FD2962545}.Debug|Any CPU.ActiveCfg = Debug|Any CPU
		{3684A41D-F81F-4227-B00C-763FD2962545}.Debug|Any CPU.Build.0 = Debug|Any CPU
		{3684A41D-F81F-4227-B00C-763FD2962545}.Release|Any CPU.ActiveCfg = Release|Any CPU
		{3684A41D-F81F-4227-B00C-763FD2962545}.Release|Any CPU.Build.0 = Release|Any CPU
	EndGlobalSection
	GlobalSection(SolutionProperties) = preSolution
		HideSolutionNode = FALSE
	EndGlobalSection
	GlobalSection(ExtensibilityGlobals) = postSolution
		SolutionGuid = {DAAAA2B5-7074-4E25-A09E-146108F204AC}
	EndGlobalSection
EndGlobal
